
Microsoft Visual Studio Solution File, Format Version 12.00
# Visual Studio Version 17
VisualStudioVersion = 17.7.34202.233
MinimumVisualStudioVersion = 10.0.40219.1
Project("{FAE04EC0-301F-11D3-BF4B-00C04F79EFBC}") = "Soloon", "Soloon\Soloon.csproj", "{3EEE7C5B-DFDB-4190-B3CF-3779176848BE}"
EndProject
Global
	GlobalSection(SolutionConfigurationPlatforms) = preSolution
		Debug|Any CPU = Debug|Any CPU
		Release|Any CPU = Release|Any CPU
	EndGlobalSection
	GlobalSection(ProjectConfigurationPlatforms) = postSolution
		{3EEE7C5B-DFDB-4190-B3CF-3779176848BE}.Debug|Any CPU.ActiveCfg = Debug|Any CPU
		{3EEE7C5B-DFDB-4190-B3CF-3779176848BE}.Debug|Any CPU.Build.0 = Debug|Any CPU
		{3EEE7C5B-DFDB-4190-B3CF-3779176848BE}.Release|Any CPU.ActiveCfg = Release|Any CPU
		{3EEE7C5B-DFDB-4190-B3CF-3779176848BE}.Release|Any CPU.Build.0 = Release|Any CPU
	EndGlobalSection
	GlobalSection(SolutionProperties) = preSolution
		HideSolutionNode = FALSE
	EndGlobalSection
	GlobalSection(ExtensibilityGlobals) = postSolution
		SolutionGuid = {FC5F37FB-9BDF-491B-ADB0-11B38A851C1D}
	EndGlobalSection
EndGlobal
